
Microsoft Visual Studio Solution File, Format Version 12.00
# Visual Studio Version 16
VisualStudioVersion = 25.0.1705.2
MinimumVisualStudioVersion = 10.0.40219.1
Project("{FAE04EC0-301F-11D3-BF4B-00C04F79EFBC}") = "TAS", "TAS\TAS.csproj", "{5630F52B-A0C6-4313-9D4D-927D98EEF41D}"
EndProject
Project("{FAE04EC0-301F-11D3-BF4B-00C04F79EFBC}") = "TAS.Infrastructure", "TAS.Infrastructure\TAS.Infrastructure.csproj", "{F9B84E04-6A7D-427D-BAB6-06D936282A8B}"
EndProject
Project("{FAE04EC0-301F-11D3-BF4B-00C04F79EFBC}") = "TAS.Application", "TAS.Application\TAS.Application.csproj", "{F5CBE979-F2AD-453E-840F-22CE6B85B7EB}"
EndProject
Global
	GlobalSection(SolutionConfigurationPlatforms) = preSolution
		Debug|Any CPU = Debug|Any CPU
		Release|Any CPU = Release|Any CPU
	EndGlobalSection
	GlobalSection(ProjectConfigurationPlatforms) = postSolution
		{5630F52B-A0C6-4313-9D4D-927D98EEF41D}.Debug|Any CPU.ActiveCfg = Debug|Any CPU
		{5630F52B-A0C6-4313-9D4D-927D98EEF41D}.Debug|Any CPU.Build.0 = Debug|Any CPU
		{5630F52B-A0C6-4313-9D4D-927D98EEF41D}.Release|Any CPU.ActiveCfg = Release|Any CPU
		{5630F52B-A0C6-4313-9D4D-927D98EEF41D}.Release|Any CPU.Build.0 = Release|Any CPU
		{F9B84E04-6A7D-427D-BAB6-06D936282A8B}.Debug|Any CPU.ActiveCfg = Debug|Any CPU
		{F9B84E04-6A7D-427D-BAB6-06D936282A8B}.Debug|Any CPU.Build.0 = Debug|Any CPU
		{F9B84E04-6A7D-427D-BAB6-06D936282A8B}.Release|Any CPU.ActiveCfg = Release|Any CPU
		{F9B84E04-6A7D-427D-BAB6-06D936282A8B}.Release|Any CPU.Build.0 = Release|Any CPU
		{F5CBE979-F2AD-453E-840F-22CE6B85B7EB}.Debug|Any CPU.ActiveCfg = Debug|Any CPU
		{F5CBE979-F2AD-453E-840F-22CE6B85B7EB}.Debug|Any CPU.Build.0 = Debug|Any CPU
		{F5CBE979-F2AD-453E-840F-22CE6B85B7EB}.Release|Any CPU.ActiveCfg = Release|Any CPU
		{F5CBE979-F2AD-453E-840F-22CE6B85B7EB}.Release|Any CPU.Build.0 = Release|Any CPU
	EndGlobalSection
	GlobalSection(SolutionProperties) = preSolution
		HideSolutionNode = FALSE
	EndGlobalSection
	GlobalSection(ExtensibilityGlobals) = postSolution
		SolutionGuid = {17A04C4B-EE16-4748-A444-ED3387C6C748}
	EndGlobalSection
EndGlobal
